
Microsoft Visual Studio Solution File, Format Version 12.00
# Visual Studio 15
VisualStudioVersion = 15.0.28010.2046
MinimumVisualStudioVersion = 10.0.40219.1
Project("{8BC9CEB8-8B4A-11D0-8D11-00A0C91BC942}") = "SyntacticAnalyzer", "SyntacticAnalyzer\SyntacticAnalyzer.vcxproj", "{A55998B8-7ACA-48C2-811E-6EDDF08F5C22}"
EndProject
Global
	GlobalSection(SolutionConfigurationPlatforms) = preSolution
		Debug|x64 = Debug|x64
		Debug|x86 = Debug|x86
		Release|x64 = Release|x64
		Release|x86 = Release|x86
	EndGlobalSection
	GlobalSection(ProjectConfigurationPlatforms) = postSolution
		{A55998B8-7ACA-48C2-811E-6EDDF08F5C22}.Debug|x64.ActiveCfg = Debug|x64
		{A55998B8-7ACA-48C2-811E-6EDDF08F5C22}.Debug|x64.Build.0 = Debug|x64
		{A55998B8-7ACA-48C2-811E-6EDDF08F5C22}.Debug|x86.ActiveCfg = Debug|Win32
		{A55998B8-7ACA-48C2-811E-6EDDF08F5C22}.Debug|x86.Build.0 = Debug|Win32
		{A55998B8-7ACA-48C2-811E-6EDDF08F5C22}.Release|x64.ActiveCfg = Release|x64
		{A55998B8-7ACA-48C2-811E-6EDDF08F5C22}.Release|x64.Build.0 = Release|x64
		{A55998B8-7ACA-48C2-811E-6EDDF08F5C22}.Release|x86.ActiveCfg = Release|Win32
		{A55998B8-7ACA-48C2-811E-6EDDF08F5C22}.Release|x86.Build.0 = Release|Win32
	EndGlobalSection
	GlobalSection(SolutionProperties) = preSolution
		HideSolutionNode = FALSE
	EndGlobalSection
	GlobalSection(ExtensibilityGlobals) = postSolution
		SolutionGuid = {5322B248-EE19-4634-86E1-9D57F0246807}
	EndGlobalSection
EndGlobal
